{
    "name": "nodecg-overlay",
    "version": "0.0.1",
    "lockfileVersion": 1,
    "requires": true,
    "dependencies": {
        "nodejs-base64-encode": {
            "version": "1.1.0",
            "resolved": "https://registry.npmjs.org/nodejs-base64-encode/-/nodejs-base64-encode-1.1.0.tgz",
            "integrity": "sha512-KVAtRWpmL/Pb9X0eHb/w73Z9iVaiOKnEyXzijvp9Yopyf2iA97ciWq8YlXIgu2tDwUZ4JPswksbWixBNn1+LdQ=="
        },
        "ws": {
            "version": "7.4.6",
            "resolved": "https://registry.npmjs.org/ws/-/ws-7.4.6.tgz",
            "integrity": "sha512-YmhHDO4MzaDLB+M9ym/mDA5z0naX8j7SIlT8f8z+I0VtzsRbekxEutHSme7NPS2qE8StCYQNUnfWdXta/Yu85A=="
        }
    }
}
